{
    "_meta": {
        "hash": {
            "sha256": "a36009de53c6cf6af26f9f486f578e94507ef7e7c750d5e45bf5c3b617dd858d"
        },
        "pipfile-spec": 6,
        "requires": {
            "python_version": "3"
        },
        "sources": [
            {
                "name": "pypi",
                "url": "https://pypi.org/simple",
                "verify_ssl": true
            }
        ]
    },
    "default": {
        "glfw": {
            "hashes": [
                "sha256:0decb3cfe8f5a6df48134bd1ec4541863a0e24a93efa4da31f3f7c172681567c",
                "sha256:39fa85aa27a5eb140efc90e23304388473733b98c6ee66c373c9b3e201ec6d7b",
                "sha256:58571b8c87c4632bf7031c8e3508d668e9d4e4a7963ad26995e1db3615e31205",
                "sha256:abd6fba448a5b76d020f0c6e8d9906c685e8ab9db20f5ef33315bd00d931767a",
                "sha256:ad99b4a4bac848fa963813ccc839e9311c563248772063f7874f8da4fbe5414f",
                "sha256:bcbe5ca473ad64e0d556f20babef778ae52a4f8d2035eedbe48af80ae0c679a6",
                "sha256:c967955b5b77fee562b3faaa538683c169319a6e68f78cd848f9f95c2dd5d15d"
            ],
            "index": "pypi",
            "version": "==1.11.1"
        },
        "multipledispatch": {
            "hashes": [
                "sha256:407e6d8c5fa27075968ba07c4db3ef5f02bea4e871e959570eeb69ee39a6565b",
                "sha256:a55c512128fb3f7c2efd2533f2550accb93c35f1045242ef74645fc92a2c3cba",
                "sha256:a7ab1451fd0bf9b92cab3edbd7b205622fb767aeefb4fb536c2e3de9e0a38bea"
            ],
            "version": "==0.6.0"
        },
        "numpy": {
            "hashes": [
                "sha256:0cfe07133fd00b27edee5e6385e333e9eeb010607e8a46e1cd673f05f8596595",
                "sha256:11a1f3816ea82eed4178102c56281782690ab5993251fdfd75039aad4d20385f",
                "sha256:2762331de395739c91f1abb88041f94a080cb1143aeec791b3b223976228af3f",
                "sha256:283d9de87c0133ef98f93dfc09fad3fb382f2a15580de75c02b5bb36a5a159a5",
                "sha256:3d22662b4b10112c545c91a0741f2436f8ca979ab3d69d03d19322aa970f9695",
                "sha256:41388e32e40b41dd56eb37fcaa7488b2b47b0adf77c66154d6b89622c110dfe9",
                "sha256:42c16cec1c8cf2728f1d539bd55aaa9d6bb48a7de2f41eb944697293ef65a559",
                "sha256:47ee7a839f5885bc0c63a74aabb91f6f40d7d7b639253768c4199b37aede7982",
                "sha256:5a311ee4d983c487a0ab546708edbdd759393a3dc9cd30305170149fedd23c88",
                "sha256:5dc65644f75a4c2970f21394ad8bea1a844104f0fe01f278631be1c7eae27226",
                "sha256:6ed0d073a9c54ac40c41a9c2d53fcc3d4d4ed607670b9e7b0de1ba13b4cbfe6f",
                "sha256:76ba7c40e80f9dc815c5e896330700fd6e20814e69da9c1267d65a4d051080f1",
                "sha256:818b9be7900e8dc23e013a92779135623476f44a0de58b40c32a15368c01d471",
                "sha256:a024181d7aef0004d76fb3bce2a4c9f2e67a609a9e2a6ff2571d30e9976aa383",
                "sha256:a955e4128ac36797aaffd49ab44ec74a71c11d6938df83b1285492d277db5397",
                "sha256:a97a954a8c2f046d3817c2bce16e3c7e9a9c2afffaf0400f5c16df5172a67c9c",
                "sha256:a97e82c39d9856fe7d4f9b86d8a1e66eff99cf3a8b7ba48202f659703d27c46f",
                "sha256:b55b953a1bdb465f4dc181758570d321db4ac23005f90ffd2b434cc6609a63dd",
                "sha256:bb02929b0d6bfab4c48a79bd805bd7419114606947ec8284476167415171f55b",
                "sha256:bece0a4a49e60e472a6d1f70ac6cdea00f9ab80ff01132f96bd970cdd8a9e5a9",
                "sha256:e41e8951749c4b5c9a2dc5fdbc1a4eec6ab2a140fdae9b460b0f557eed870f4d",
                "sha256:f71d57cc8645f14816ae249407d309be250ad8de93ef61d9709b45a0ddf4050c"
            ],
            "index": "pypi",
            "version": "==1.22.0"
        },
        "pyopengl": {
            "hashes": [
                "sha256:11ad32c7bde7ea0ffb7a94dd552c639ca72376982a8dd6fe0c092d2002a4ca6e",
                "sha256:36b4ac28220e4bfa29e5557525ad2967ca74558a94bccea48864fc742b18db11",
                "sha256:4107ba0d0390da5766a08c242cf0cf3404c377ed293c5f6d701e457c57ba3424"
            ],
            "index": "pypi",
            "version": "==3.1.5"
        },
        "pyopengl-accelerate": {
            "hashes": [
                "sha256:12e5518b0216a478527c7ce5ddce623c3d0517adeb87226da767772e8b7f2f06",
                "sha256:1528f7aa309ac97a33f47254fe98f1722f2b1d3f6ae6c6c711f79fd1344cec6a",
                "sha256:1544c4d8b9cd3de6ea9c03134c09e73ea2e64ae47f74e777bf165ddd6440a690",
                "sha256:1fffceb8bf5430d15d60da6290671554a33b8c1a5a49e689639e03629bc5f03a",
                "sha256:24d9c78edf6a9ca2e4a924370c1125459849be6ab03d285722b8e566713db35f",
                "sha256:45ee0631d7a8cfafa8db9968eebc661651541dae013c51e8be442f38ecccefd8",
                "sha256:79d0b9979fbdb9c8e964f1946ea5a91a39a6b99e2742e9294a7c8dfe3bbd0942",
                "sha256:7f40ade60a84b58a39809aec22dac71ed353a912df98dad74e4f66d76ee83184",
                "sha256:a029c821e3b0a7b16d28e3ab4b49e9c9891f27fde0116c2c2a7bf9399ce34935",
                "sha256:a10359165aeffc78060255d6f999db9bf9f6fa4c1fc86493a69aeaf8b559ea50",
                "sha256:c8521040abe9a3e54215df44987375ddb8595e8807d748c3cc9973f81c1d9d43",
                "sha256:c96478b98a15bc64c507c33cdaff09a39c564868860206efae06afe70fcff4e6",
                "sha256:c9e4e46cd93125f478f61645f813c852d6c066265b656a32912de435f088adce",
                "sha256:d1f7c22a6ac8d4815a24de4806ff80efe51ee20c991c39ca0956d60ff60b628d",
                "sha256:d6cd74d37cf370d897b912b11afc3466bf415f861b4fb124eaa7733672712472"
            ],
            "index": "pypi",
            "version": "==3.1.5"
        },
        "pyrr": {
            "hashes": [
                "sha256:3c0f7b20326e71f706a610d58f2190fff73af01eef60c19cb188b186f0ec7e1d",
                "sha256:d8af23fb9bb29262405845e1c98f7339fbba5e49323b98528bd01160a75c65ac"
            ],
            "index": "pypi",
            "version": "==0.10.3"
        },
        "six": {
            "hashes": [
                "sha256:1e61c37477a1626458e36f7b1d82aa5c9b094fa4802892072e49de9c60c4c926",
                "sha256:8abb2f1d86890a2dfb989f9a77cfcfd3e47c2a354b01111771326f8aa26e0254"
            ],
            "markers": "python_version >= '2.7' and python_version not in '3.0, 3.1, 3.2, 3.3'",
            "version": "==1.16.0"
        }
    },
    "develop": {}
}
